{
  "name": "moduletemplate",
  "version": "1.0.0",
  "lockfileVersion": 1,
  "requires": true,
  "dependencies": {
    "async": {
      "version": "0.1.22",
      "resolved": "https://registry.npmjs.org/async/-/async-0.1.22.tgz",
      "integrity": "sha1-D8GqoIig4+8Ovi2IMbqw3PiEUGE="
    },
    "errs": {
      "version": "0.1.1",
      "resolved": "https://registry.npmjs.org/errs/-/errs-0.1.1.tgz",
      "integrity": "sha1-1Ek9zM8ISO117k4yBfYGBYhBuvI="
    },
    "read-dir-files": {
      "version": "0.1.1",
      "resolved": "https://registry.npmjs.org/read-dir-files/-/read-dir-files-0.1.1.tgz",
      "integrity": "sha1-157P3zI6wKTUrG4ikzh+l07SF4I=",
      "requires": {
        "async": "0.1.22",
        "errs": "0.1.1"
      }
    }
  }
}
